// !$*UTF8*$!
{
	archiveVersion = 1;
	classes = {
	};
	objectVersion = 50;
	objects = {

/* Begin PBXBuildFile section */
		A87B74BA239ADA7B00C98880 /* AppDelegate.swift in Sources */ = {isa = PBXBuildFile; fileRef = A87B74B9239ADA7B00C98880 /* AppDelegate.swift */; };
		A87B74BC239ADA7B00C98880 /* SceneDelegate.swift in Sources */ = {isa = PBXBuildFile; fileRef = A87B74BB239ADA7B00C98880 /* SceneDelegate.swift */; };
		A87B74BE239ADA7B00C98880 /* ViewController.swift in Sources */ = {isa = PBXBuildFile; fileRef = A87B74BD239ADA7B00C98880 /* ViewController.swift */; };
		A87B74C1239ADA7B00C98880 /* Main.storyboard in Resources */ = {isa = PBXBuildFile; fileRef = A87B74BF239ADA7B00C98880 /* Main.storyboard */; };
		A87B74C3239ADA7D00C98880 /* Assets.xcassets in Resources */ = {isa = PBXBuildFile; fileRef = A87B74C2239ADA7D00C98880 /* Assets.xcassets */; };
		A87B74C6239ADA7D00C98880 /* LaunchScreen.storyboard in Resources */ = {isa = PBXBuildFile; fileRef = A87B74C4239ADA7D00C98880 /* LaunchScreen.storyboard */; };
/* End PBXBuildFile section */

/* Begin PBXFileReference section */
		A87B74B6239ADA7B00C98880 /* swiftworm.app */ = {isa = PBXFileReference; explicitFileType = wrapper.application; includeInIndex = 0; path = swiftworm.app; sourceTree = BUILT_PRODUCTS_DIR; };
		A87B74B9239ADA7B00C98880 /* AppDelegate.swift */ = {isa = PBXFileReference; lastKnownFileType = sourcecode.swift; path = AppDelegate.swift; sourceTree = "<group>"; };
		A87B74BB239ADA7B00C98880 /* SceneDelegate.swift */ = {isa = PBXFileReference; lastKnownFileType = sourcecode.swift; path = SceneDelegate.swift; sourceTree = "<group>"; };
		A87B74BD239ADA7B00C98880 /* ViewController.swift */ = {isa = PBXFileReference; lastKnownFileType = sourcecode.swift; path = ViewController.swift; sourceTree = "<group>"; };
		A87B74C0239ADA7B00C98880 /* Base */ = {isa = PBXFileReference; lastKnownFileType = file.storyboard; name = Base; path = Base.lproj/Main.storyboard; sourceTree = "<group>"; };
		A87B74C2239ADA7D00C98880 /* Assets.xcassets */ = {isa = PBXFileReference; lastKnownFileType = folder.assetcatalog; path = Assets.xcassets; sourceTree = "<group>"; };
		A87B74C5239ADA7D00C98880 /* Base */ = {isa = PBXFileReference; lastKnownFileType = file.storyboard; name = Base; path = Base.lproj/LaunchScreen.storyboard; sourceTree = "<group>"; };
		A87B74C7239ADA7D00C98880 /* Info.plist */ = {isa = PBXFileReference; lastKnownFileType = text.plist.xml; path = Info.plist; sourceTree = "<group>"; };
/* End PBXFileReference section */

/* Begin PBXFrameworksBuildPhase section */
		A87B74B3239ADA7B00C98880 /* Frameworks */ = {
			isa = PBXFrameworksBuildPhase;
			buildActionMask = 2147483647;
			files = (
			);
			runOnlyForDeploymentPostprocessing = 0;
		};
/* End PBXFrameworksBuildPhase section */

/* Begin PBXGroup section */
		A87B74AD239ADA7B00C98880 = {
			isa = PBXGroup;
			children = (
				A87B74B8239ADA7B00C98880 /* swiftworm */,
				A87B74B7239ADA7B00C98880 /* Products */,
			);
			sourceTree = "<group>";
		};
		A87B74B7239ADA7B00C98880 /* Products */ = {
			isa = PBXGroup;
			children = (
				A87B74B6239ADA7B00C98880 /* swiftworm.app */,
			);
			name = Products;
			sourceTree = "<group>";
		};
		A87B74B8239ADA7B00C98880 /* swiftworm */ = {
			isa = PBXGroup;
			children = (
				A87B74B9239ADA7B00C98880 /* AppDelegate.swift */,
				A87B74BB239ADA7B00C98880 /* SceneDelegate.swift */,
				A87B74BD239ADA7B00C98880 /* ViewController.swift */,
				A87B74BF239ADA7B00C98880 /* Main.storyboard */,
				A87B74C2239ADA7D00C98880 /* Assets.xcassets */,
				A87B74C4239ADA7D00C98880 /* LaunchScreen.storyboard */,
				A87B74C7239ADA7D00C98880 /* Info.plist */,
			);
			path = swiftworm;
			sourceTree = "<group>";
		};
/* End PBXGroup section */

/* Begin PBXNativeTarget section */
		A87B74B5239ADA7B00C98880 /* swiftworm */ = {
			isa = PBXNativeTarget;
			buildConfigurationList = A87B74CA239ADA7D00C98880 /* Build configuration list for PBXNativeTarget "swiftworm" */;
			buildPhases = (
				A87B74B2239ADA7B00C98880 /* Sources */,
				A87B74B3239ADA7B00C98880 /* Frameworks */,
				A87B74B4239ADA7B00C98880 /* Resources */,
			);
			buildRules = (
			);
			dependencies = (
			);
			name = swiftworm;
			productName = swiftworm;
			productReference = A87B74B6239ADA7B00C98880 /* swiftworm.app */;
			productType = "com.apple.product-type.application";
		};
/* End PBXNativeTarget section */

/* Begin PBXProject section */
		A87B74AE239ADA7B00C98880 /* Project object */ = {
			isa = PBXProject;
			attributes = {
				LastSwiftUpdateCheck = 1120;
				LastUpgradeCheck = 1120;
				ORGANIZATIONNAME = "Cajal Corporation";
				TargetAttributes = {
					A87B74B5239ADA7B00C98880 = {
						CreatedOnToolsVersion = 11.2.1;
					};
				};
			};
			buildConfigurationList = A87B74B1239ADA7B00C98880 /* Build configuration list for PBXProject "swiftworm" */;
			compatibilityVersion = "Xcode 9.3";
			developmentRegion = en;
			hasScannedForEncodings = 0;
			knownRegions = (
				en,
				Base,
			);
			mainGroup = A87B74AD239ADA7B00C98880;
			productRefGroup = A87B74B7239ADA7B00C98880 /* Products */;
			projectDirPath = "";
			projectRoot = "";
			targets = (
				A87B74B5239ADA7B00C98880 /* swiftworm */,
			);
		};
/* End PBXProject section */

/* Begin PBXResourcesBuildPhase section */
		A87B74B4239ADA7B00C98880 /* Resources */ = {
			isa = PBXResourcesBuildPhase;
			buildActionMask = 2147483647;
			files = (
				A87B74C6239ADA7D00C98880 /* LaunchScreen.storyboard in Resources */,
				A87B74C3239ADA7D00C98880 /* Assets.xcassets in Resources */,
				A87B74C1239ADA7B00C98880 /* Main.storyboard in Resources */,
			);
			runOnlyForDeploymentPostprocessing = 0;
		};
/* End PBXResourcesBuildPhase section */

/* Begin PBXSourcesBuildPhase section */
		A87B74B2239ADA7B00C98880 /* Sources */ = {
			isa = PBXSourcesBuildPhase;
			buildActionMask = 2147483647;
			files = (
				A87B74BE239ADA7B00C98880 /* ViewController.swift in Sources */,
				A87B74BA239ADA7B00C98880 /* AppDelegate.swift in Sources */,
				A87B74BC239ADA7B00C98880 /* SceneDelegate.swift in Sources */,
			);
			runOnlyForDeploymentPostprocessing = 0;
		};
/* End PBXSourcesBuildPhase section */

/* Begin PBXVariantGroup section */
		A87B74BF239ADA7B00C98880 /* Main.storyboard */ = {
			isa = PBXVariantGroup;
			children = (
				A87B74C0239ADA7B00C98880 /* Base */,
			);
			name = Main.storyboard;
			sourceTree = "<group>";
		};
		A87B74C4239ADA7D00C98880 /* LaunchScreen.storyboard */ = {
			isa = PBXVariantGroup;
			children = (
				A87B74C5239ADA7D00C98880 /* Base */,
			);
			name = LaunchScreen.storyboard;
			sourceTree = "<group>";
		};
/* End PBXVariantGroup section */

/* Begin XCBuildConfiguration section */
		A87B74C8239ADA7D00C98880 /* Debug */ = {
			isa = XCBuildConfiguration;
			buildSettings = {
				ALWAYS_SEARCH_USER_PATHS = NO;
				CLANG_ANALYZER_NONNULL = YES;
				CLANG_ANALYZER_NUMBER_OBJECT_CONVERSION = YES_AGGRESSIVE;
				CLANG_CXX_LANGUAGE_STANDARD = "gnu++14";
				CLANG_CXX_LIBRARY = "libc++";
				CLANG_ENABLE_MODULES = YES;
				CLANG_ENABLE_OBJC_ARC = YES;
				CLANG_ENABLE_OBJC_WEAK = YES;
				CLANG_WARN_BLOCK_CAPTURE_AUTORELEASING = YES;
				CLANG_WARN_BOOL_CONVERSION = YES;
				CLANG_WARN_COMMA = YES;
				CLANG_WARN_CONSTANT_CONVERSION = YES;
				CLANG_WARN_DEPRECATED_OBJC_IMPLEMENTATIONS = YES;
				CLANG_WARN_DIRECT_OBJC_ISA_USAGE = YES_ERROR;
				CLANG_WARN_DOCUMENTATION_COMMENTS = YES;
				CLANG_WARN_EMPTY_BODY = YES;
				CLANG_WARN_ENUM_CONVERSION = YES;
				CLANG_WARN_INFINITE_RECURSION = YES;
				CLANG_WARN_INT_CONVERSION = YES;
				CLANG_WARN_NON_LITERAL_NULL_CONVERSION = YES;
				CLANG_WARN_OBJC_IMPLICIT_RETAIN_SELF = YES;
				CLANG_WARN_OBJC_LITERAL_CONVERSION = YES;
				CLANG_WARN_OBJC_ROOT_CLASS = YES_ERROR;
				CLANG_WARN_RANGE_LOOP_ANALYSIS = YES;
				CLANG_WARN_STRICT_PROTOTYPES = YES;
				CLANG_WARN_SUSPICIOUS_MOVE = YES;
				CLANG_WARN_UNGUARDED_AVAILABILITY = YES_AGGRESSIVE;
				CLANG_WARN_UNREACHABLE_CODE = YES;
				CLANG_WARN__DUPLICATE_METHOD_MATCH = YES;
				COPY_PHASE_STRIP = NO;
				DEBUG_INFORMATION_FORMAT = dwarf;
				ENABLE_STRICT_OBJC_MSGSEND = YES;
				ENABLE_TESTABILITY = YES;
				GCC_C_LANGUAGE_STANDARD = gnu11;
				GCC_DYNAMIC_NO_PIC = NO;
				GCC_NO_COMMON_BLOCKS = YES;
				GCC_OPTIMIZATION_LEVEL = 0;
				GCC_PREPROCESSOR_DEFINITIONS = (
					"DEBUG=1",
					"$(inherited)",
				);
				GCC_WARN_64_TO_32_BIT_CONVERSION = YES;
				GCC_WARN_ABOUT_RETURN_TYPE = YES_ERROR;
				GCC_WARN_UNDECLARED_SELECTOR = YES;
				GCC_WARN_UNINITIALIZED_AUTOS = YES_AGGRESSIVE;
				GCC_WARN_UNUSED_FUNCTION = YES;
				GCC_WARN_UNUSED_VARIABLE = YES;
				IPHONEOS_DEPLOYMENT_TARGET = 13.2;
				MTL_ENABLE_DEBUG_INFO = INCLUDE_SOURCE;
				MTL_FAST_MATH = YES;
				ONLY_ACTIVE_ARCH = YES;
				SDKROOT = iphoneos;
				SWIFT_ACTIVE_COMPILATION_CONDITIONS = DEBUG;
				SWIFT_OPTIMIZATION_LEVEL = "-Onone";
			};
			name = Debug;
		};
		A87B74C9239ADA7D00C98880 /* Release */ = {
			isa = XCBuildConfiguration;
			buildSettings = {
				ALWAYS_SEARCH_USER_PATHS = NO;
				CLANG_ANALYZER_NONNULL = YES;
				CLANG_ANALYZER_NUMBER_OBJECT_CONVERSION = YES_AGGRESSIVE;
				CLANG_CXX_LANGUAGE_STANDARD = "gnu++14";
				CLANG_CXX_LIBRARY = "libc++";
				CLANG_ENABLE_MODULES = YES;
				CLANG_ENABLE_OBJC_ARC = YES;
				CLANG_ENABLE_OBJC_WEAK = YES;
				CLANG_WARN_BLOCK_CAPTURE_AUTORELEASING = YES;
				CLANG_WARN_BOOL_CONVERSION = YES;
				CLANG_WARN_COMMA = YES;
				CLANG_WARN_CONSTANT_CONVERSION = YES;
				CLANG_WARN_DEPRECATED_OBJC_IMPLEMENTATIONS = YES;
				CLANG_WARN_DIRECT_OBJC_ISA_USAGE = YES_ERROR;
				CLANG_WARN_DOCUMENTATION_COMMENTS = YES;
				CLANG_WARN_EMPTY_BODY = YES;
				CLANG_WARN_ENUM_CONVERSION = YES;
				CLANG_WARN_INFINITE_RECURSION = YES;
				CLANG_WARN_INT_CONVERSION = YES;
				CLANG_WARN_NON_LITERAL_NULL_CONVERSION = YES;
				CLANG_WARN_OBJC_IMPLICIT_RETAIN_SELF = YES;
				CLANG_WARN_OBJC_LITERAL_CONVERSION = YES;
				CLANG_WARN_OBJC_ROOT_CLASS = YES_ERROR;
				CLANG_WARN_RANGE_LOOP_ANALYSIS = YES;
				CLANG_WARN_STRICT_PROTOTYPES = YES;
				CLANG_WARN_SUSPICIOUS_MOVE = YES;
				CLANG_WARN_UNGUARDED_AVAILABILITY = YES_AGGRESSIVE;
				CLANG_WARN_UNREACHABLE_CODE = YES;
				CLANG_WARN__DUPLICATE_METHOD_MATCH = YES;
				COPY_PHASE_STRIP = NO;
				DEBUG_INFORMATION_FORMAT = "dwarf-with-dsym";
				ENABLE_NS_ASSERTIONS = NO;
				ENABLE_STRICT_OBJC_MSGSEND = YES;
				GCC_C_LANGUAGE_STANDARD = gnu11;
				GCC_NO_COMMON_BLOCKS = YES;
				GCC_WARN_64_TO_32_BIT_CONVERSION = YES;
				GCC_WARN_ABOUT_RETURN_TYPE = YES_ERROR;
				GCC_WARN_UNDECLARED_SELECTOR = YES;
				GCC_WARN_UNINITIALIZED_AUTOS = YES_AGGRESSIVE;
				GCC_WARN_UNUSED_FUNCTION = YES;
				GCC_WARN_UNUSED_VARIABLE = YES;
				IPHONEOS_DEPLOYMENT_TARGET = 13.2;
				MTL_ENABLE_DEBUG_INFO = NO;
				MTL_FAST_MATH = YES;
				SDKROOT = iphoneos;
				SWIFT_COMPILATION_MODE = wholemodule;
				SWIFT_OPTIMIZATION_LEVEL = "-O";
				VALIDATE_PRODUCT = YES;
			};
			name = Release;
		};
		A87B74CB239ADA7D00C98880 /* Debug */ = {
			isa = XCBuildConfiguration;
			buildSettings = {
				ASSETCATALOG_COMPILER_APPICON_NAME = AppIcon;
				CODE_SIGN_STYLE = Automatic;
				DEVELOPMENT_TEAM = L62FMB9GWN;
				INFOPLIST_FILE = swiftworm/Info.plist;
				LD_RUNPATH_SEARCH_PATHS = (
					"$(inherited)",
					"@executable_path/Frameworks",
				);
				PRODUCT_BUNDLE_IDENTIFIER = co.cajal.swiftworm;
				PRODUCT_NAME = "$(TARGET_NAME)";
				SWIFT_VERSION = 5.0;
				TARGETED_DEVICE_FAMILY = "1,2";
			};
			name = Debug;
		};
		A87B74CC239ADA7D00C98880 /* Release */ = {
			isa = XCBuildConfiguration;
			buildSettings = {
				ASSETCATALOG_COMPILER_APPICON_NAME = AppIcon;
				CODE_SIGN_STYLE = Automatic;
				DEVELOPMENT_TEAM = L62FMB9GWN;
				INFOPLIST_FILE = swiftworm/Info.plist;
				LD_RUNPATH_SEARCH_PATHS = (
					"$(inherited)",
					"@executable_path/Frameworks",
				);
				PRODUCT_BUNDLE_IDENTIFIER = co.cajal.swiftworm;
				PRODUCT_NAME = "$(TARGET_NAME)";
				SWIFT_VERSION = 5.0;
				TARGETED_DEVICE_FAMILY = "1,2";
			};
			name = Release;
		};
/* End XCBuildConfiguration section */

/* Begin XCConfigurationList section */
		A87B74B1239ADA7B00C98880 /* Build configuration list for PBXProject "swiftworm" */ = {
			isa = XCConfigurationList;
			buildConfigurations = (
				A87B74C8239ADA7D00C98880 /* Debug */,
				A87B74C9239ADA7D00C98880 /* Release */,
			);
			defaultConfigurationIsVisible = 0;
			defaultConfigurationName = Release;
		};
		A87B74CA239ADA7D00C98880 /* Build configuration list for PBXNativeTarget "swiftworm" */ = {
			isa = XCConfigurationList;
			buildConfigurations = (
				A87B74CB239ADA7D00C98880 /* Debug */,
				A87B74CC239ADA7D00C98880 /* Release */,
			);
			defaultConfigurationIsVisible = 0;
			defaultConfigurationName = Release;
		};
/* End XCConfigurationList section */
	};
	rootObject = A87B74AE239ADA7B00C98880 /* Project object */;
}
